// !$*UTF8*$!
{
	archiveVersion = 1;
	classes = {
	};
	objectVersion = 51;
	objects = {

/* Begin PBXBuildFile section */
		59C944C1F1F7767817B85CB6 /* Pods_recipinderTests.framework in Frameworks */ = {isa = PBXBuildFile; fileRef = 3BAC6A2CDF44566DB32179AB /* Pods_recipinderTests.framework */; };
		62F2BCAFC4198F7FC705AC6F /* Pods_recipinder.framework in Frameworks */ = {isa = PBXBuildFile; fileRef = 2C19A84A8D2B3C0C730324B2 /* Pods_recipinder.framework */; };
		A60D6F9125F318A200D5E627 /* recipinderApp.swift in Sources */ = {isa = PBXBuildFile; fileRef = A60D6F9025F318A200D5E627 /* recipinderApp.swift */; };
		A60D6F9525F318A500D5E627 /* Assets.xcassets in Resources */ = {isa = PBXBuildFile; fileRef = A60D6F9425F318A500D5E627 /* Assets.xcassets */; };
		A60D6F9825F318A500D5E627 /* Preview Assets.xcassets in Resources */ = {isa = PBXBuildFile; fileRef = A60D6F9725F318A500D5E627 /* Preview Assets.xcassets */; };
		A60D6FA325F318A500D5E627 /* recipinderTests.swift in Sources */ = {isa = PBXBuildFile; fileRef = A60D6FA225F318A500D5E627 /* recipinderTests.swift */; };
		A60D6FAE25F318A500D5E627 /* recipinderUITests.swift in Sources */ = {isa = PBXBuildFile; fileRef = A60D6FAD25F318A500D5E627 /* recipinderUITests.swift */; };
		A64F848B25F3A4A2005507B3 /* RecipeDetailView.swift in Sources */ = {isa = PBXBuildFile; fileRef = A64F848A25F3A4A2005507B3 /* RecipeDetailView.swift */; };
		A64F849025F3A4E9005507B3 /* SettingsView.swift in Sources */ = {isa = PBXBuildFile; fileRef = A64F848F25F3A4E9005507B3 /* SettingsView.swift */; };
		A64F849625F3A626005507B3 /* SavedRecipeView.swift in Sources */ = {isa = PBXBuildFile; fileRef = A64F849525F3A626005507B3 /* SavedRecipeView.swift */; };
		A64F84A125F3C7BF005507B3 /* CircleButton.swift in Sources */ = {isa = PBXBuildFile; fileRef = A64F84A025F3C7BF005507B3 /* CircleButton.swift */; };
		A64F84A925F3D68E005507B3 /* RoundedCorner.swift in Sources */ = {isa = PBXBuildFile; fileRef = A64F84A825F3D68E005507B3 /* RoundedCorner.swift */; };
		A64F84C425F3E2F4005507B3 /* GothamRoundedBold.ttf in Resources */ = {isa = PBXBuildFile; fileRef = A64F84C325F3E2F4005507B3 /* GothamRoundedBold.ttf */; };
		A64F84C925F3E2FE005507B3 /* GothamRoundedLight.ttf in Resources */ = {isa = PBXBuildFile; fileRef = A64F84C825F3E2FE005507B3 /* GothamRoundedLight.ttf */; };
		A64F84CE25F3E306005507B3 /* GothamRoundedMedium.ttf in Resources */ = {isa = PBXBuildFile; fileRef = A64F84CD25F3E306005507B3 /* GothamRoundedMedium.ttf */; };
		A64F84D225F3E314005507B3 /* ChaletNewYork.ttf in Resources */ = {isa = PBXBuildFile; fileRef = A64F84C225F3E2E9005507B3 /* ChaletNewYork.ttf */; };
		A64F84D725F3E52F005507B3 /* Constant.swift in Sources */ = {isa = PBXBuildFile; fileRef = A64F84D625F3E52F005507B3 /* Constant.swift */; };
		A64F84DC25F3EB26005507B3 /* AppState.swift in Sources */ = {isa = PBXBuildFile; fileRef = A64F84DB25F3EB26005507B3 /* AppState.swift */; };
		A6BF910625F32CD000D3F879 /* Recipe.swift in Sources */ = {isa = PBXBuildFile; fileRef = A6BF910525F32CD000D3F879 /* Recipe.swift */; };
		A6BF910D25F3320E00D3F879 /* HomeView.swift in Sources */ = {isa = PBXBuildFile; fileRef = A6BF910C25F3320E00D3F879 /* HomeView.swift */; };
		A6BF911825F3328000D3F879 /* HomeViewModel.swift in Sources */ = {isa = PBXBuildFile; fileRef = A6BF911725F3328000D3F879 /* HomeViewModel.swift */; };
		A6BF911D25F332FB00D3F879 /* Card.swift in Sources */ = {isa = PBXBuildFile; fileRef = A6BF911C25F332FB00D3F879 /* Card.swift */; };
		A6BF912225F334AD00D3F879 /* avatar.jpg in Resources */ = {isa = PBXBuildFile; fileRef = A6BF912125F334AD00D3F879 /* avatar.jpg */; };
		B1562A9FD7B05D2C34C8D0D1 /* Pods_recipinder_recipinderUITests.framework in Frameworks */ = {isa = PBXBuildFile; fileRef = 0AE42963B1F9B762B568C4E1 /* Pods_recipinder_recipinderUITests.framework */; };
/* End PBXBuildFile section */

/* Begin PBXContainerItemProxy section */
		A60D6F9F25F318A500D5E627 /* PBXContainerItemProxy */ = {
			isa = PBXContainerItemProxy;
			containerPortal = A60D6F8525F318A200D5E627 /* Project object */;
			proxyType = 1;
			remoteGlobalIDString = A60D6F8C25F318A200D5E627;
			remoteInfo = recipinder;
		};
		A60D6FAA25F318A500D5E627 /* PBXContainerItemProxy */ = {
			isa = PBXContainerItemProxy;
			containerPortal = A60D6F8525F318A200D5E627 /* Project object */;
			proxyType = 1;
			remoteGlobalIDString = A60D6F8C25F318A200D5E627;
			remoteInfo = recipinder;
		};
/* End PBXContainerItemProxy section */

/* Begin PBXFileReference section */
		0AE42963B1F9B762B568C4E1 /* Pods_recipinder_recipinderUITests.framework */ = {isa = PBXFileReference; explicitFileType = wrapper.framework; includeInIndex = 0; path = Pods_recipinder_recipinderUITests.framework; sourceTree = BUILT_PRODUCTS_DIR; };
		170E3FD81275183F409420D2 /* Pods-recipinder-recipinderUITests.debug.xcconfig */ = {isa = PBXFileReference; includeInIndex = 1; lastKnownFileType = text.xcconfig; name = "Pods-recipinder-recipinderUITests.debug.xcconfig"; path = "Target Support Files/Pods-recipinder-recipinderUITests/Pods-recipinder-recipinderUITests.debug.xcconfig"; sourceTree = "<group>"; };
		2C19A84A8D2B3C0C730324B2 /* Pods_recipinder.framework */ = {isa = PBXFileReference; explicitFileType = wrapper.framework; includeInIndex = 0; path = Pods_recipinder.framework; sourceTree = BUILT_PRODUCTS_DIR; };
		3BAC6A2CDF44566DB32179AB /* Pods_recipinderTests.framework */ = {isa = PBXFileReference; explicitFileType = wrapper.framework; includeInIndex = 0; path = Pods_recipinderTests.framework; sourceTree = BUILT_PRODUCTS_DIR; };
		8343EFA9BFF4DA2BD862F59D /* Pods-recipinder.release.xcconfig */ = {isa = PBXFileReference; includeInIndex = 1; lastKnownFileType = text.xcconfig; name = "Pods-recipinder.release.xcconfig"; path = "Target Support Files/Pods-recipinder/Pods-recipinder.release.xcconfig"; sourceTree = "<group>"; };
		839473C117BDD4FEAB9147A6 /* Pods-recipinder-recipinderUITests.release.xcconfig */ = {isa = PBXFileReference; includeInIndex = 1; lastKnownFileType = text.xcconfig; name = "Pods-recipinder-recipinderUITests.release.xcconfig"; path = "Target Support Files/Pods-recipinder-recipinderUITests/Pods-recipinder-recipinderUITests.release.xcconfig"; sourceTree = "<group>"; };
		A60D6F8D25F318A200D5E627 /* recipinder.app */ = {isa = PBXFileReference; explicitFileType = wrapper.application; includeInIndex = 0; path = recipinder.app; sourceTree = BUILT_PRODUCTS_DIR; };
		A60D6F9025F318A200D5E627 /* recipinderApp.swift */ = {isa = PBXFileReference; lastKnownFileType = sourcecode.swift; path = recipinderApp.swift; sourceTree = "<group>"; };
		A60D6F9425F318A500D5E627 /* Assets.xcassets */ = {isa = PBXFileReference; lastKnownFileType = folder.assetcatalog; path = Assets.xcassets; sourceTree = "<group>"; };
		A60D6F9725F318A500D5E627 /* Preview Assets.xcassets */ = {isa = PBXFileReference; lastKnownFileType = folder.assetcatalog; path = "Preview Assets.xcassets"; sourceTree = "<group>"; };
		A60D6F9925F318A500D5E627 /* Info.plist */ = {isa = PBXFileReference; lastKnownFileType = text.plist.xml; path = Info.plist; sourceTree = "<group>"; };
		A60D6F9E25F318A500D5E627 /* recipinderTests.xctest */ = {isa = PBXFileReference; explicitFileType = wrapper.cfbundle; includeInIndex = 0; path = recipinderTests.xctest; sourceTree = BUILT_PRODUCTS_DIR; };
		A60D6FA225F318A500D5E627 /* recipinderTests.swift */ = {isa = PBXFileReference; lastKnownFileType = sourcecode.swift; path = recipinderTests.swift; sourceTree = "<group>"; };
		A60D6FA425F318A500D5E627 /* Info.plist */ = {isa = PBXFileReference; lastKnownFileType = text.plist.xml; path = Info.plist; sourceTree = "<group>"; };
		A60D6FA925F318A500D5E627 /* recipinderUITests.xctest */ = {isa = PBXFileReference; explicitFileType = wrapper.cfbundle; includeInIndex = 0; path = recipinderUITests.xctest; sourceTree = BUILT_PRODUCTS_DIR; };
		A60D6FAD25F318A500D5E627 /* recipinderUITests.swift */ = {isa = PBXFileReference; lastKnownFileType = sourcecode.swift; path = recipinderUITests.swift; sourceTree = "<group>"; };
		A60D6FAF25F318A500D5E627 /* Info.plist */ = {isa = PBXFileReference; lastKnownFileType = text.plist.xml; path = Info.plist; sourceTree = "<group>"; };
		A64F848A25F3A4A2005507B3 /* RecipeDetailView.swift */ = {isa = PBXFileReference; lastKnownFileType = sourcecode.swift; path = RecipeDetailView.swift; sourceTree = "<group>"; };
		A64F848F25F3A4E9005507B3 /* SettingsView.swift */ = {isa = PBXFileReference; lastKnownFileType = sourcecode.swift; path = SettingsView.swift; sourceTree = "<group>"; };
		A64F849525F3A626005507B3 /* SavedRecipeView.swift */ = {isa = PBXFileReference; lastKnownFileType = sourcecode.swift; path = SavedRecipeView.swift; sourceTree = "<group>"; };
		A64F84A025F3C7BF005507B3 /* CircleButton.swift */ = {isa = PBXFileReference; lastKnownFileType = sourcecode.swift; path = CircleButton.swift; sourceTree = "<group>"; };
		A64F84A825F3D68E005507B3 /* RoundedCorner.swift */ = {isa = PBXFileReference; lastKnownFileType = sourcecode.swift; path = RoundedCorner.swift; sourceTree = "<group>"; };
		A64F84C225F3E2E9005507B3 /* ChaletNewYork.ttf */ = {isa = PBXFileReference; lastKnownFileType = file; path = ChaletNewYork.ttf; sourceTree = "<group>"; };
		A64F84C325F3E2F4005507B3 /* GothamRoundedBold.ttf */ = {isa = PBXFileReference; lastKnownFileType = file; path = GothamRoundedBold.ttf; sourceTree = "<group>"; };
		A64F84C825F3E2FE005507B3 /* GothamRoundedLight.ttf */ = {isa = PBXFileReference; lastKnownFileType = file; path = GothamRoundedLight.ttf; sourceTree = "<group>"; };
		A64F84CD25F3E306005507B3 /* GothamRoundedMedium.ttf */ = {isa = PBXFileReference; lastKnownFileType = file; path = GothamRoundedMedium.ttf; sourceTree = "<group>"; };
		A64F84D625F3E52F005507B3 /* Constant.swift */ = {isa = PBXFileReference; lastKnownFileType = sourcecode.swift; path = Constant.swift; sourceTree = "<group>"; };
		A64F84DB25F3EB26005507B3 /* AppState.swift */ = {isa = PBXFileReference; lastKnownFileType = sourcecode.swift; path = AppState.swift; sourceTree = "<group>"; };
		A6BF910525F32CD000D3F879 /* Recipe.swift */ = {isa = PBXFileReference; lastKnownFileType = sourcecode.swift; path = Recipe.swift; sourceTree = "<group>"; };
		A6BF910C25F3320E00D3F879 /* HomeView.swift */ = {isa = PBXFileReference; lastKnownFileType = sourcecode.swift; path = HomeView.swift; sourceTree = "<group>"; };
		A6BF911725F3328000D3F879 /* HomeViewModel.swift */ = {isa = PBXFileReference; lastKnownFileType = sourcecode.swift; path = HomeViewModel.swift; sourceTree = "<group>"; };
		A6BF911C25F332FB00D3F879 /* Card.swift */ = {isa = PBXFileReference; lastKnownFileType = sourcecode.swift; path = Card.swift; sourceTree = "<group>"; };
		A6BF912125F334AD00D3F879 /* avatar.jpg */ = {isa = PBXFileReference; lastKnownFileType = image.jpeg; path = avatar.jpg; sourceTree = "<group>"; };
		AE447ED96D868E9EF2954AA8 /* Pods-recipinderTests.debug.xcconfig */ = {isa = PBXFileReference; includeInIndex = 1; lastKnownFileType = text.xcconfig; name = "Pods-recipinderTests.debug.xcconfig"; path = "Target Support Files/Pods-recipinderTests/Pods-recipinderTests.debug.xcconfig"; sourceTree = "<group>"; };
		EE0ED3C5D015D13FFBF736AB /* Pods-recipinder.debug.xcconfig */ = {isa = PBXFileReference; includeInIndex = 1; lastKnownFileType = text.xcconfig; name = "Pods-recipinder.debug.xcconfig"; path = "Target Support Files/Pods-recipinder/Pods-recipinder.debug.xcconfig"; sourceTree = "<group>"; };
		FC26813C6B9971FDB94C8523 /* Pods-recipinderTests.release.xcconfig */ = {isa = PBXFileReference; includeInIndex = 1; lastKnownFileType = text.xcconfig; name = "Pods-recipinderTests.release.xcconfig"; path = "Target Support Files/Pods-recipinderTests/Pods-recipinderTests.release.xcconfig"; sourceTree = "<group>"; };
/* End PBXFileReference section */

/* Begin PBXFrameworksBuildPhase section */
		A60D6F8A25F318A200D5E627 /* Frameworks */ = {
			isa = PBXFrameworksBuildPhase;
			buildActionMask = 2147483647;
			files = (
				62F2BCAFC4198F7FC705AC6F /* Pods_recipinder.framework in Frameworks */,
			);
			runOnlyForDeploymentPostprocessing = 0;
		};
		A60D6F9B25F318A500D5E627 /* Frameworks */ = {
			isa = PBXFrameworksBuildPhase;
			buildActionMask = 2147483647;
			files = (
				59C944C1F1F7767817B85CB6 /* Pods_recipinderTests.framework in Frameworks */,
			);
			runOnlyForDeploymentPostprocessing = 0;
		};
		A60D6FA625F318A500D5E627 /* Frameworks */ = {
			isa = PBXFrameworksBuildPhase;
			buildActionMask = 2147483647;
			files = (
				B1562A9FD7B05D2C34C8D0D1 /* Pods_recipinder_recipinderUITests.framework in Frameworks */,
			);
			runOnlyForDeploymentPostprocessing = 0;
		};
/* End PBXFrameworksBuildPhase section */

/* Begin PBXGroup section */
		A60D6F8425F318A100D5E627 = {
			isa = PBXGroup;
			children = (
				A60D6F8F25F318A200D5E627 /* recipinder */,
				A60D6FA125F318A500D5E627 /* recipinderTests */,
				A60D6FAC25F318A500D5E627 /* recipinderUITests */,
				A60D6F8E25F318A200D5E627 /* Products */,
				F075BF33A224C77B3E427310 /* Pods */,
				BB183668605F9F73EDFB8C41 /* Frameworks */,
			);
			sourceTree = "<group>";
		};
		A60D6F8E25F318A200D5E627 /* Products */ = {
			isa = PBXGroup;
			children = (
				A60D6F8D25F318A200D5E627 /* recipinder.app */,
				A60D6F9E25F318A500D5E627 /* recipinderTests.xctest */,
				A60D6FA925F318A500D5E627 /* recipinderUITests.xctest */,
			);
			name = Products;
			sourceTree = "<group>";
		};
		A60D6F8F25F318A200D5E627 /* recipinder */ = {
			isa = PBXGroup;
			children = (
				A6BF912625F35F0500D3F879 /* Resources */,
				A6BF910125F32C9600D3F879 /* Utillities */,
				A6BF910025F32C8F00D3F879 /* Models */,
				A6BF90FF25F32C8800D3F879 /* Views */,
				A60D6F9025F318A200D5E627 /* recipinderApp.swift */,
				A60D6F9425F318A500D5E627 /* Assets.xcassets */,
				A6BF912125F334AD00D3F879 /* avatar.jpg */,
				A60D6F9925F318A500D5E627 /* Info.plist */,
				A60D6F9625F318A500D5E627 /* Preview Content */,
				A64F84D625F3E52F005507B3 /* Constant.swift */,
			);
			path = recipinder;
			sourceTree = "<group>";
		};
		A60D6F9625F318A500D5E627 /* Preview Content */ = {
			isa = PBXGroup;
			children = (
				A60D6F9725F318A500D5E627 /* Preview Assets.xcassets */,
			);
			path = "Preview Content";
			sourceTree = "<group>";
		};
		A60D6FA125F318A500D5E627 /* recipinderTests */ = {
			isa = PBXGroup;
			children = (
				A60D6FA225F318A500D5E627 /* recipinderTests.swift */,
				A60D6FA425F318A500D5E627 /* Info.plist */,
			);
			path = recipinderTests;
			sourceTree = "<group>";
		};
		A60D6FAC25F318A500D5E627 /* recipinderUITests */ = {
			isa = PBXGroup;
			children = (
				A60D6FAD25F318A500D5E627 /* recipinderUITests.swift */,
				A60D6FAF25F318A500D5E627 /* Info.plist */,
			);
			path = recipinderUITests;
			sourceTree = "<group>";
		};
		A64F849425F3A616005507B3 /* SavedRecipe */ = {
			isa = PBXGroup;
			children = (
				A64F849525F3A626005507B3 /* SavedRecipeView.swift */,
			);
			path = SavedRecipe;
			sourceTree = "<group>";
		};
		A64F84C125F3E2CE005507B3 /* Fonts */ = {
			isa = PBXGroup;
			children = (
				A64F84CD25F3E306005507B3 /* GothamRoundedMedium.ttf */,
				A64F84C825F3E2FE005507B3 /* GothamRoundedLight.ttf */,
				A64F84C325F3E2F4005507B3 /* GothamRoundedBold.ttf */,
				A64F84C225F3E2E9005507B3 /* ChaletNewYork.ttf */,
			);
			path = Fonts;
			sourceTree = "<group>";
		};
		A6BF90FF25F32C8800D3F879 /* Views */ = {
			isa = PBXGroup;
			children = (
				A6BF910B25F331E700D3F879 /* Screen */,
				A6BF910A25F32ED400D3F879 /* Shared */,
			);
			path = Views;
			sourceTree = "<group>";
		};
		A6BF910025F32C8F00D3F879 /* Models */ = {
			isa = PBXGroup;
			children = (
				A6BF910525F32CD000D3F879 /* Recipe.swift */,
				A64F84DB25F3EB26005507B3 /* AppState.swift */,
			);
			path = Models;
			sourceTree = "<group>";
		};
		A6BF910125F32C9600D3F879 /* Utillities */ = {
			isa = PBXGroup;
			children = (
			);
			path = Utillities;
			sourceTree = "<group>";
		};
		A6BF910225F32CA100D3F879 /* Home */ = {
			isa = PBXGroup;
			children = (
				A6BF910C25F3320E00D3F879 /* HomeView.swift */,
				A6BF911725F3328000D3F879 /* HomeViewModel.swift */,
			);
			path = Home;
			sourceTree = "<group>";
		};
		A6BF910325F32CA700D3F879 /* RecipeDetail */ = {
			isa = PBXGroup;
			children = (
				A64F848A25F3A4A2005507B3 /* RecipeDetailView.swift */,
			);
			path = RecipeDetail;
			sourceTree = "<group>";
		};
		A6BF910425F32CB200D3F879 /* Settings */ = {
			isa = PBXGroup;
			children = (
				A64F848F25F3A4E9005507B3 /* SettingsView.swift */,
			);
			path = Settings;
			sourceTree = "<group>";
		};
		A6BF910A25F32ED400D3F879 /* Shared */ = {
			isa = PBXGroup;
			children = (
				A6BF911C25F332FB00D3F879 /* Card.swift */,
				A64F84A025F3C7BF005507B3 /* CircleButton.swift */,
				A64F84A825F3D68E005507B3 /* RoundedCorner.swift */,
			);
			path = Shared;
			sourceTree = "<group>";
		};
		A6BF910B25F331E700D3F879 /* Screen */ = {
			isa = PBXGroup;
			children = (
				A64F849425F3A616005507B3 /* SavedRecipe */,
				A6BF910425F32CB200D3F879 /* Settings */,
				A6BF910325F32CA700D3F879 /* RecipeDetail */,
				A6BF910225F32CA100D3F879 /* Home */,
			);
			path = Screen;
			sourceTree = "<group>";
		};
		A6BF912625F35F0500D3F879 /* Resources */ = {
			isa = PBXGroup;
			children = (
				A64F84C125F3E2CE005507B3 /* Fonts */,
			);
			path = Resources;
			sourceTree = "<group>";
		};
		BB183668605F9F73EDFB8C41 /* Frameworks */ = {
			isa = PBXGroup;
			children = (
				2C19A84A8D2B3C0C730324B2 /* Pods_recipinder.framework */,
				0AE42963B1F9B762B568C4E1 /* Pods_recipinder_recipinderUITests.framework */,
				3BAC6A2CDF44566DB32179AB /* Pods_recipinderTests.framework */,
			);
			name = Frameworks;
			sourceTree = "<group>";
		};
		F075BF33A224C77B3E427310 /* Pods */ = {
			isa = PBXGroup;
			children = (
				EE0ED3C5D015D13FFBF736AB /* Pods-recipinder.debug.xcconfig */,
				8343EFA9BFF4DA2BD862F59D /* Pods-recipinder.release.xcconfig */,
				170E3FD81275183F409420D2 /* Pods-recipinder-recipinderUITests.debug.xcconfig */,
				839473C117BDD4FEAB9147A6 /* Pods-recipinder-recipinderUITests.release.xcconfig */,
				AE447ED96D868E9EF2954AA8 /* Pods-recipinderTests.debug.xcconfig */,
				FC26813C6B9971FDB94C8523 /* Pods-recipinderTests.release.xcconfig */,
			);
			path = Pods;
			sourceTree = "<group>";
		};
/* End PBXGroup section */

/* Begin PBXNativeTarget section */
		A60D6F8C25F318A200D5E627 /* recipinder */ = {
			isa = PBXNativeTarget;
			buildConfigurationList = A60D6FB225F318A500D5E627 /* Build configuration list for PBXNativeTarget "recipinder" */;
			buildPhases = (
				9A45BDEBC932933164AE2802 /* [CP] Check Pods Manifest.lock */,
				A60D6F8925F318A200D5E627 /* Sources */,
				A60D6F8A25F318A200D5E627 /* Frameworks */,
				A60D6F8B25F318A200D5E627 /* Resources */,
				7BF7DCB94FA9AA6CCED03EE2 /* [CP] Embed Pods Frameworks */,
			);
			buildRules = (
			);
			dependencies = (
			);
			name = recipinder;
			productName = recipinder;
			productReference = A60D6F8D25F318A200D5E627 /* recipinder.app */;
			productType = "com.apple.product-type.application";
		};
		A60D6F9D25F318A500D5E627 /* recipinderTests */ = {
			isa = PBXNativeTarget;
			buildConfigurationList = A60D6FB525F318A500D5E627 /* Build configuration list for PBXNativeTarget "recipinderTests" */;
			buildPhases = (
				D364865A63FCE8AEB37359DA /* [CP] Check Pods Manifest.lock */,
				A60D6F9A25F318A500D5E627 /* Sources */,
				A60D6F9B25F318A500D5E627 /* Frameworks */,
				A60D6F9C25F318A500D5E627 /* Resources */,
				6F3AFE973D09AC38E07C95D3 /* [CP] Embed Pods Frameworks */,
			);
			buildRules = (
			);
			dependencies = (
				A60D6FA025F318A500D5E627 /* PBXTargetDependency */,
			);
			name = recipinderTests;
			productName = recipinderTests;
			productReference = A60D6F9E25F318A500D5E627 /* recipinderTests.xctest */;
			productType = "com.apple.product-type.bundle.unit-test";
		};
		A60D6FA825F318A500D5E627 /* recipinderUITests */ = {
			isa = PBXNativeTarget;
			buildConfigurationList = A60D6FB825F318A500D5E627 /* Build configuration list for PBXNativeTarget "recipinderUITests" */;
			buildPhases = (
				28DF775213EF8EFCCB39394A /* [CP] Check Pods Manifest.lock */,
				A60D6FA525F318A500D5E627 /* Sources */,
				A60D6FA625F318A500D5E627 /* Frameworks */,
				A60D6FA725F318A500D5E627 /* Resources */,
				473BF3C9FC86387AFBF8986C /* [CP] Embed Pods Frameworks */,
			);
			buildRules = (
			);
			dependencies = (
				A60D6FAB25F318A500D5E627 /* PBXTargetDependency */,
			);
			name = recipinderUITests;
			productName = recipinderUITests;
			productReference = A60D6FA925F318A500D5E627 /* recipinderUITests.xctest */;
			productType = "com.apple.product-type.bundle.ui-testing";
		};
/* End PBXNativeTarget section */

/* Begin PBXProject section */
		A60D6F8525F318A200D5E627 /* Project object */ = {
			isa = PBXProject;
			attributes = {
				LastSwiftUpdateCheck = 1240;
				LastUpgradeCheck = 1240;
				TargetAttributes = {
					A60D6F8C25F318A200D5E627 = {
						CreatedOnToolsVersion = 12.4;
					};
					A60D6F9D25F318A500D5E627 = {
						CreatedOnToolsVersion = 12.4;
						TestTargetID = A60D6F8C25F318A200D5E627;
					};
					A60D6FA825F318A500D5E627 = {
						CreatedOnToolsVersion = 12.4;
						TestTargetID = A60D6F8C25F318A200D5E627;
					};
				};
			};
			buildConfigurationList = A60D6F8825F318A200D5E627 /* Build configuration list for PBXProject "recipinder" */;
			compatibilityVersion = "Xcode 9.3";
			developmentRegion = en;
			hasScannedForEncodings = 0;
			knownRegions = (
				en,
				Base,
			);
			mainGroup = A60D6F8425F318A100D5E627;
			productRefGroup = A60D6F8E25F318A200D5E627 /* Products */;
			projectDirPath = "";
			projectRoot = "";
			targets = (
				A60D6F8C25F318A200D5E627 /* recipinder */,
				A60D6F9D25F318A500D5E627 /* recipinderTests */,
				A60D6FA825F318A500D5E627 /* recipinderUITests */,
			);
		};
/* End PBXProject section */

/* Begin PBXResourcesBuildPhase section */
		A60D6F8B25F318A200D5E627 /* Resources */ = {
			isa = PBXResourcesBuildPhase;
			buildActionMask = 2147483647;
			files = (
				A60D6F9825F318A500D5E627 /* Preview Assets.xcassets in Resources */,
				A64F84CE25F3E306005507B3 /* GothamRoundedMedium.ttf in Resources */,
				A64F84C925F3E2FE005507B3 /* GothamRoundedLight.ttf in Resources */,
				A60D6F9525F318A500D5E627 /* Assets.xcassets in Resources */,
				A6BF912225F334AD00D3F879 /* avatar.jpg in Resources */,
				A64F84D225F3E314005507B3 /* ChaletNewYork.ttf in Resources */,
				A64F84C425F3E2F4005507B3 /* GothamRoundedBold.ttf in Resources */,
			);
			runOnlyForDeploymentPostprocessing = 0;
		};
		A60D6F9C25F318A500D5E627 /* Resources */ = {
			isa = PBXResourcesBuildPhase;
			buildActionMask = 2147483647;
			files = (
			);
			runOnlyForDeploymentPostprocessing = 0;
		};
		A60D6FA725F318A500D5E627 /* Resources */ = {
			isa = PBXResourcesBuildPhase;
			buildActionMask = 2147483647;
			files = (
			);
			runOnlyForDeploymentPostprocessing = 0;
		};
/* End PBXResourcesBuildPhase section */

/* Begin PBXShellScriptBuildPhase section */
		28DF775213EF8EFCCB39394A /* [CP] Check Pods Manifest.lock */ = {
			isa = PBXShellScriptBuildPhase;
			buildActionMask = 2147483647;
			files = (
			);
			inputFileListPaths = (
			);
			inputPaths = (
				"${PODS_PODFILE_DIR_PATH}/Podfile.lock",
				"${PODS_ROOT}/Manifest.lock",
			);
			name = "[CP] Check Pods Manifest.lock";
			outputFileListPaths = (
			);
			outputPaths = (
				"$(DERIVED_FILE_DIR)/Pods-recipinder-recipinderUITests-checkManifestLockResult.txt",
			);
			runOnlyForDeploymentPostprocessing = 0;
			shellPath = /bin/sh;
			shellScript = "diff \"${PODS_PODFILE_DIR_PATH}/Podfile.lock\" \"${PODS_ROOT}/Manifest.lock\" > /dev/null\nif [ $? != 0 ] ; then\n    # print error to STDERR\n    echo \"error: The sandbox is not in sync with the Podfile.lock. Run 'pod install' or update your CocoaPods installation.\" >&2\n    exit 1\nfi\n# This output is used by Xcode 'outputs' to avoid re-running this script phase.\necho \"SUCCESS\" > \"${SCRIPT_OUTPUT_FILE_0}\"\n";
			showEnvVarsInLog = 0;
		};
		473BF3C9FC86387AFBF8986C /* [CP] Embed Pods Frameworks */ = {
			isa = PBXShellScriptBuildPhase;
			buildActionMask = 2147483647;
			files = (
			);
			inputFileListPaths = (
				"${PODS_ROOT}/Target Support Files/Pods-recipinder-recipinderUITests/Pods-recipinder-recipinderUITests-frameworks-${CONFIGURATION}-input-files.xcfilelist",
			);
			name = "[CP] Embed Pods Frameworks";
			outputFileListPaths = (
				"${PODS_ROOT}/Target Support Files/Pods-recipinder-recipinderUITests/Pods-recipinder-recipinderUITests-frameworks-${CONFIGURATION}-output-files.xcfilelist",
			);
			runOnlyForDeploymentPostprocessing = 0;
			shellPath = /bin/sh;
			shellScript = "\"${PODS_ROOT}/Target Support Files/Pods-recipinder-recipinderUITests/Pods-recipinder-recipinderUITests-frameworks.sh\"\n";
			showEnvVarsInLog = 0;
		};
		6F3AFE973D09AC38E07C95D3 /* [CP] Embed Pods Frameworks */ = {
			isa = PBXShellScriptBuildPhase;
			buildActionMask = 2147483647;
			files = (
			);
			inputFileListPaths = (
				"${PODS_ROOT}/Target Support Files/Pods-recipinderTests/Pods-recipinderTests-frameworks-${CONFIGURATION}-input-files.xcfilelist",
			);
			name = "[CP] Embed Pods Frameworks";
			outputFileListPaths = (
				"${PODS_ROOT}/Target Support Files/Pods-recipinderTests/Pods-recipinderTests-frameworks-${CONFIGURATION}-output-files.xcfilelist",
			);
			runOnlyForDeploymentPostprocessing = 0;
			shellPath = /bin/sh;
			shellScript = "\"${PODS_ROOT}/Target Support Files/Pods-recipinderTests/Pods-recipinderTests-frameworks.sh\"\n";
			showEnvVarsInLog = 0;
		};
		7BF7DCB94FA9AA6CCED03EE2 /* [CP] Embed Pods Frameworks */ = {
			isa = PBXShellScriptBuildPhase;
			buildActionMask = 2147483647;
			files = (
			);
			inputFileListPaths = (
				"${PODS_ROOT}/Target Support Files/Pods-recipinder/Pods-recipinder-frameworks-${CONFIGURATION}-input-files.xcfilelist",
			);
			name = "[CP] Embed Pods Frameworks";
			outputFileListPaths = (
				"${PODS_ROOT}/Target Support Files/Pods-recipinder/Pods-recipinder-frameworks-${CONFIGURATION}-output-files.xcfilelist",
			);
			runOnlyForDeploymentPostprocessing = 0;
			shellPath = /bin/sh;
			shellScript = "\"${PODS_ROOT}/Target Support Files/Pods-recipinder/Pods-recipinder-frameworks.sh\"\n";
			showEnvVarsInLog = 0;
		};
		9A45BDEBC932933164AE2802 /* [CP] Check Pods Manifest.lock */ = {
			isa = PBXShellScriptBuildPhase;
			buildActionMask = 2147483647;
			files = (
			);
			inputFileListPaths = (
			);
			inputPaths = (
				"${PODS_PODFILE_DIR_PATH}/Podfile.lock",
				"${PODS_ROOT}/Manifest.lock",
			);
			name = "[CP] Check Pods Manifest.lock";
			outputFileListPaths = (
			);
			outputPaths = (
				"$(DERIVED_FILE_DIR)/Pods-recipinder-checkManifestLockResult.txt",
			);
			runOnlyForDeploymentPostprocessing = 0;
			shellPath = /bin/sh;
			shellScript = "diff \"${PODS_PODFILE_DIR_PATH}/Podfile.lock\" \"${PODS_ROOT}/Manifest.lock\" > /dev/null\nif [ $? != 0 ] ; then\n    # print error to STDERR\n    echo \"error: The sandbox is not in sync with the Podfile.lock. Run 'pod install' or update your CocoaPods installation.\" >&2\n    exit 1\nfi\n# This output is used by Xcode 'outputs' to avoid re-running this script phase.\necho \"SUCCESS\" > \"${SCRIPT_OUTPUT_FILE_0}\"\n";
			showEnvVarsInLog = 0;
		};
		D364865A63FCE8AEB37359DA /* [CP] Check Pods Manifest.lock */ = {
			isa = PBXShellScriptBuildPhase;
			buildActionMask = 2147483647;
			files = (
			);
			inputFileListPaths = (
			);
			inputPaths = (
				"${PODS_PODFILE_DIR_PATH}/Podfile.lock",
				"${PODS_ROOT}/Manifest.lock",
			);
			name = "[CP] Check Pods Manifest.lock";
			outputFileListPaths = (
			);
			outputPaths = (
				"$(DERIVED_FILE_DIR)/Pods-recipinderTests-checkManifestLockResult.txt",
			);
			runOnlyForDeploymentPostprocessing = 0;
			shellPath = /bin/sh;
			shellScript = "diff \"${PODS_PODFILE_DIR_PATH}/Podfile.lock\" \"${PODS_ROOT}/Manifest.lock\" > /dev/null\nif [ $? != 0 ] ; then\n    # print error to STDERR\n    echo \"error: The sandbox is not in sync with the Podfile.lock. Run 'pod install' or update your CocoaPods installation.\" >&2\n    exit 1\nfi\n# This output is used by Xcode 'outputs' to avoid re-running this script phase.\necho \"SUCCESS\" > \"${SCRIPT_OUTPUT_FILE_0}\"\n";
			showEnvVarsInLog = 0;
		};
/* End PBXShellScriptBuildPhase section */

/* Begin PBXSourcesBuildPhase section */
		A60D6F8925F318A200D5E627 /* Sources */ = {
			isa = PBXSourcesBuildPhase;
			buildActionMask = 2147483647;
			files = (
				A64F848B25F3A4A2005507B3 /* RecipeDetailView.swift in Sources */,
				A64F849025F3A4E9005507B3 /* SettingsView.swift in Sources */,
				A6BF910D25F3320E00D3F879 /* HomeView.swift in Sources */,
				A64F84DC25F3EB26005507B3 /* AppState.swift in Sources */,
				A64F84A125F3C7BF005507B3 /* CircleButton.swift in Sources */,
				A6BF911D25F332FB00D3F879 /* Card.swift in Sources */,
				A6BF910625F32CD000D3F879 /* Recipe.swift in Sources */,
				A6BF911825F3328000D3F879 /* HomeViewModel.swift in Sources */,
				A64F84A925F3D68E005507B3 /* RoundedCorner.swift in Sources */,
				A64F84D725F3E52F005507B3 /* Constant.swift in Sources */,
				A64F849625F3A626005507B3 /* SavedRecipeView.swift in Sources */,
				A60D6F9125F318A200D5E627 /* recipinderApp.swift in Sources */,
			);
			runOnlyForDeploymentPostprocessing = 0;
		};
		A60D6F9A25F318A500D5E627 /* Sources */ = {
			isa = PBXSourcesBuildPhase;
			buildActionMask = 2147483647;
			files = (
				A60D6FA325F318A500D5E627 /* recipinderTests.swift in Sources */,
			);
			runOnlyForDeploymentPostprocessing = 0;
		};
		A60D6FA525F318A500D5E627 /* Sources */ = {
			isa = PBXSourcesBuildPhase;
			buildActionMask = 2147483647;
			files = (
				A60D6FAE25F318A500D5E627 /* recipinderUITests.swift in Sources */,
			);
			runOnlyForDeploymentPostprocessing = 0;
		};
/* End PBXSourcesBuildPhase section */

/* Begin PBXTargetDependency section */
		A60D6FA025F318A500D5E627 /* PBXTargetDependency */ = {
			isa = PBXTargetDependency;
			target = A60D6F8C25F318A200D5E627 /* recipinder */;
			targetProxy = A60D6F9F25F318A500D5E627 /* PBXContainerItemProxy */;
		};
		A60D6FAB25F318A500D5E627 /* PBXTargetDependency */ = {
			isa = PBXTargetDependency;
			target = A60D6F8C25F318A200D5E627 /* recipinder */;
			targetProxy = A60D6FAA25F318A500D5E627 /* PBXContainerItemProxy */;
		};
/* End PBXTargetDependency section */

/* Begin XCBuildConfiguration section */
		A60D6FB025F318A500D5E627 /* Debug */ = {
			isa = XCBuildConfiguration;
			buildSettings = {
				ALWAYS_SEARCH_USER_PATHS = NO;
				CLANG_ANALYZER_NONNULL = YES;
				CLANG_ANALYZER_NUMBER_OBJECT_CONVERSION = YES_AGGRESSIVE;
				CLANG_CXX_LANGUAGE_STANDARD = "gnu++14";
				CLANG_CXX_LIBRARY = "libc++";
				CLANG_ENABLE_MODULES = YES;
				CLANG_ENABLE_OBJC_ARC = YES;
				CLANG_ENABLE_OBJC_WEAK = YES;
				CLANG_WARN_BLOCK_CAPTURE_AUTORELEASING = YES;
				CLANG_WARN_BOOL_CONVERSION = YES;
				CLANG_WARN_COMMA = YES;
				CLANG_WARN_CONSTANT_CONVERSION = YES;
				CLANG_WARN_DEPRECATED_OBJC_IMPLEMENTATIONS = YES;
				CLANG_WARN_DIRECT_OBJC_ISA_USAGE = YES_ERROR;
				CLANG_WARN_DOCUMENTATION_COMMENTS = YES;
				CLANG_WARN_EMPTY_BODY = YES;
				CLANG_WARN_ENUM_CONVERSION = YES;
				CLANG_WARN_INFINITE_RECURSION = YES;
				CLANG_WARN_INT_CONVERSION = YES;
				CLANG_WARN_NON_LITERAL_NULL_CONVERSION = YES;
				CLANG_WARN_OBJC_IMPLICIT_RETAIN_SELF = YES;
				CLANG_WARN_OBJC_LITERAL_CONVERSION = YES;
				CLANG_WARN_OBJC_ROOT_CLASS = YES_ERROR;
				CLANG_WARN_QUOTED_INCLUDE_IN_FRAMEWORK_HEADER = YES;
				CLANG_WARN_RANGE_LOOP_ANALYSIS = YES;
				CLANG_WARN_STRICT_PROTOTYPES = YES;
				CLANG_WARN_SUSPICIOUS_MOVE = YES;
				CLANG_WARN_UNGUARDED_AVAILABILITY = YES_AGGRESSIVE;
				CLANG_WARN_UNREACHABLE_CODE = YES;
				CLANG_WARN__DUPLICATE_METHOD_MATCH = YES;
				COPY_PHASE_STRIP = NO;
				DEBUG_INFORMATION_FORMAT = dwarf;
				ENABLE_STRICT_OBJC_MSGSEND = YES;
				ENABLE_TESTABILITY = YES;
				GCC_C_LANGUAGE_STANDARD = gnu11;
				GCC_DYNAMIC_NO_PIC = NO;
				GCC_NO_COMMON_BLOCKS = YES;
				GCC_OPTIMIZATION_LEVEL = 0;
				GCC_PREPROCESSOR_DEFINITIONS = (
					"DEBUG=1",
					"$(inherited)",
				);
				GCC_WARN_64_TO_32_BIT_CONVERSION = YES;
				GCC_WARN_ABOUT_RETURN_TYPE = YES_ERROR;
				GCC_WARN_UNDECLARED_SELECTOR = YES;
				GCC_WARN_UNINITIALIZED_AUTOS = YES_AGGRESSIVE;
				GCC_WARN_UNUSED_FUNCTION = YES;
				GCC_WARN_UNUSED_VARIABLE = YES;
				IPHONEOS_DEPLOYMENT_TARGET = 14.4;
				MTL_ENABLE_DEBUG_INFO = INCLUDE_SOURCE;
				MTL_FAST_MATH = YES;
				ONLY_ACTIVE_ARCH = YES;
				SDKROOT = iphoneos;
				SWIFT_ACTIVE_COMPILATION_CONDITIONS = DEBUG;
				SWIFT_OPTIMIZATION_LEVEL = "-Onone";
			};
			name = Debug;
		};
		A60D6FB125F318A500D5E627 /* Release */ = {
			isa = XCBuildConfiguration;
			buildSettings = {
				ALWAYS_SEARCH_USER_PATHS = NO;
				CLANG_ANALYZER_NONNULL = YES;
				CLANG_ANALYZER_NUMBER_OBJECT_CONVERSION = YES_AGGRESSIVE;
				CLANG_CXX_LANGUAGE_STANDARD = "gnu++14";
				CLANG_CXX_LIBRARY = "libc++";
				CLANG_ENABLE_MODULES = YES;
				CLANG_ENABLE_OBJC_ARC = YES;
				CLANG_ENABLE_OBJC_WEAK = YES;
				CLANG_WARN_BLOCK_CAPTURE_AUTORELEASING = YES;
				CLANG_WARN_BOOL_CONVERSION = YES;
				CLANG_WARN_COMMA = YES;
				CLANG_WARN_CONSTANT_CONVERSION = YES;
				CLANG_WARN_DEPRECATED_OBJC_IMPLEMENTATIONS = YES;
				CLANG_WARN_DIRECT_OBJC_ISA_USAGE = YES_ERROR;
				CLANG_WARN_DOCUMENTATION_COMMENTS = YES;
				CLANG_WARN_EMPTY_BODY = YES;
				CLANG_WARN_ENUM_CONVERSION = YES;
				CLANG_WARN_INFINITE_RECURSION = YES;
				CLANG_WARN_INT_CONVERSION = YES;
				CLANG_WARN_NON_LITERAL_NULL_CONVERSION = YES;
				CLANG_WARN_OBJC_IMPLICIT_RETAIN_SELF = YES;
				CLANG_WARN_OBJC_LITERAL_CONVERSION = YES;
				CLANG_WARN_OBJC_ROOT_CLASS = YES_ERROR;
				CLANG_WARN_QUOTED_INCLUDE_IN_FRAMEWORK_HEADER = YES;
				CLANG_WARN_RANGE_LOOP_ANALYSIS = YES;
				CLANG_WARN_STRICT_PROTOTYPES = YES;
				CLANG_WARN_SUSPICIOUS_MOVE = YES;
				CLANG_WARN_UNGUARDED_AVAILABILITY = YES_AGGRESSIVE;
				CLANG_WARN_UNREACHABLE_CODE = YES;
				CLANG_WARN__DUPLICATE_METHOD_MATCH = YES;
				COPY_PHASE_STRIP = NO;
				DEBUG_INFORMATION_FORMAT = "dwarf-with-dsym";
				ENABLE_NS_ASSERTIONS = NO;
				ENABLE_STRICT_OBJC_MSGSEND = YES;
				GCC_C_LANGUAGE_STANDARD = gnu11;
				GCC_NO_COMMON_BLOCKS = YES;
				GCC_WARN_64_TO_32_BIT_CONVERSION = YES;
				GCC_WARN_ABOUT_RETURN_TYPE = YES_ERROR;
				GCC_WARN_UNDECLARED_SELECTOR = YES;
				GCC_WARN_UNINITIALIZED_AUTOS = YES_AGGRESSIVE;
				GCC_WARN_UNUSED_FUNCTION = YES;
				GCC_WARN_UNUSED_VARIABLE = YES;
				IPHONEOS_DEPLOYMENT_TARGET = 14.4;
				MTL_ENABLE_DEBUG_INFO = NO;
				MTL_FAST_MATH = YES;
				SDKROOT = iphoneos;
				SWIFT_COMPILATION_MODE = wholemodule;
				SWIFT_OPTIMIZATION_LEVEL = "-O";
				VALIDATE_PRODUCT = YES;
			};
			name = Release;
		};
		A60D6FB325F318A500D5E627 /* Debug */ = {
			isa = XCBuildConfiguration;
			baseConfigurationReference = EE0ED3C5D015D13FFBF736AB /* Pods-recipinder.debug.xcconfig */;
			buildSettings = {
				ASSETCATALOG_COMPILER_APPICON_NAME = AppIcon;
				ASSETCATALOG_COMPILER_GLOBAL_ACCENT_COLOR_NAME = AccentColor;
				CODE_SIGN_STYLE = Automatic;
				DEVELOPMENT_ASSET_PATHS = "\"recipinder/Preview Content\"";
				DEVELOPMENT_TEAM = SDW84XWCVH;
				ENABLE_PREVIEWS = YES;
				INFOPLIST_FILE = recipinder/Info.plist;
				IPHONEOS_DEPLOYMENT_TARGET = 14.0;
				LD_RUNPATH_SEARCH_PATHS = (
					"$(inherited)",
					"@executable_path/Frameworks",
				);
				PRODUCT_BUNDLE_IDENTIFIER = tavvfiq.recipinder;
				PRODUCT_NAME = "$(TARGET_NAME)";
				SWIFT_VERSION = 5.0;
				TARGETED_DEVICE_FAMILY = 1;
			};
			name = Debug;
		};
		A60D6FB425F318A500D5E627 /* Release */ = {
			isa = XCBuildConfiguration;
			baseConfigurationReference = 8343EFA9BFF4DA2BD862F59D /* Pods-recipinder.release.xcconfig */;
			buildSettings = {
				ASSETCATALOG_COMPILER_APPICON_NAME = AppIcon;
				ASSETCATALOG_COMPILER_GLOBAL_ACCENT_COLOR_NAME = AccentColor;
				CODE_SIGN_STYLE = Automatic;
				DEVELOPMENT_ASSET_PATHS = "\"recipinder/Preview Content\"";
				DEVELOPMENT_TEAM = SDW84XWCVH;
				ENABLE_PREVIEWS = YES;
				INFOPLIST_FILE = recipinder/Info.plist;
				IPHONEOS_DEPLOYMENT_TARGET = 14.0;
				LD_RUNPATH_SEARCH_PATHS = (
					"$(inherited)",
					"@executable_path/Frameworks",
				);
				PRODUCT_BUNDLE_IDENTIFIER = tavvfiq.recipinder;
				PRODUCT_NAME = "$(TARGET_NAME)";
				SWIFT_VERSION = 5.0;
				TARGETED_DEVICE_FAMILY = 1;
			};
			name = Release;
		};
		A60D6FB625F318A500D5E627 /* Debug */ = {
			isa = XCBuildConfiguration;
			baseConfigurationReference = AE447ED96D868E9EF2954AA8 /* Pods-recipinderTests.debug.xcconfig */;
			buildSettings = {
				ALWAYS_EMBED_SWIFT_STANDARD_LIBRARIES = YES;
				BUNDLE_LOADER = "$(TEST_HOST)";
				CODE_SIGN_STYLE = Automatic;
				DEVELOPMENT_TEAM = SDW84XWCVH;
				INFOPLIST_FILE = recipinderTests/Info.plist;
				IPHONEOS_DEPLOYMENT_TARGET = 14.0;
				LD_RUNPATH_SEARCH_PATHS = (
					"$(inherited)",
					"@executable_path/Frameworks",
					"@loader_path/Frameworks",
				);
				PRODUCT_BUNDLE_IDENTIFIER = tavvfiq.recipinderTests;
				PRODUCT_NAME = "$(TARGET_NAME)";
				SWIFT_VERSION = 5.0;
				TARGETED_DEVICE_FAMILY = "1,2";
				TEST_HOST = "$(BUILT_PRODUCTS_DIR)/recipinder.app/recipinder";
			};
			name = Debug;
		};
		A60D6FB725F318A500D5E627 /* Release */ = {
			isa = XCBuildConfiguration;
			baseConfigurationReference = FC26813C6B9971FDB94C8523 /* Pods-recipinderTests.release.xcconfig */;
			buildSettings = {
				ALWAYS_EMBED_SWIFT_STANDARD_LIBRARIES = YES;
				BUNDLE_LOADER = "$(TEST_HOST)";
				CODE_SIGN_STYLE = Automatic;
				DEVELOPMENT_TEAM = SDW84XWCVH;
				INFOPLIST_FILE = recipinderTests/Info.plist;
				IPHONEOS_DEPLOYMENT_TARGET = 14.0;
				LD_RUNPATH_SEARCH_PATHS = (
					"$(inherited)",
					"@executable_path/Frameworks",
					"@loader_path/Frameworks",
				);
				PRODUCT_BUNDLE_IDENTIFIER = tavvfiq.recipinderTests;
				PRODUCT_NAME = "$(TARGET_NAME)";
				SWIFT_VERSION = 5.0;
				TARGETED_DEVICE_FAMILY = "1,2";
				TEST_HOST = "$(BUILT_PRODUCTS_DIR)/recipinder.app/recipinder";
			};
			name = Release;
		};
		A60D6FB925F318A500D5E627 /* Debug */ = {
			isa = XCBuildConfiguration;
			baseConfigurationReference = 170E3FD81275183F409420D2 /* Pods-recipinder-recipinderUITests.debug.xcconfig */;
			buildSettings = {
				ALWAYS_EMBED_SWIFT_STANDARD_LIBRARIES = YES;
				CODE_SIGN_STYLE = Automatic;
				DEVELOPMENT_TEAM = SDW84XWCVH;
				INFOPLIST_FILE = recipinderUITests/Info.plist;
				LD_RUNPATH_SEARCH_PATHS = (
					"$(inherited)",
					"@executable_path/Frameworks",
					"@loader_path/Frameworks",
				);
				PRODUCT_BUNDLE_IDENTIFIER = tavvfiq.recipinderUITests;
				PRODUCT_NAME = "$(TARGET_NAME)";
				SWIFT_VERSION = 5.0;
				TARGETED_DEVICE_FAMILY = "1,2";
				TEST_TARGET_NAME = recipinder;
			};
			name = Debug;
		};
		A60D6FBA25F318A500D5E627 /* Release */ = {
			isa = XCBuildConfiguration;
			baseConfigurationReference = 839473C117BDD4FEAB9147A6 /* Pods-recipinder-recipinderUITests.release.xcconfig */;
			buildSettings = {
				ALWAYS_EMBED_SWIFT_STANDARD_LIBRARIES = YES;
				CODE_SIGN_STYLE = Automatic;
				DEVELOPMENT_TEAM = SDW84XWCVH;
				INFOPLIST_FILE = recipinderUITests/Info.plist;
				LD_RUNPATH_SEARCH_PATHS = (
					"$(inherited)",
					"@executable_path/Frameworks",
					"@loader_path/Frameworks",
				);
				PRODUCT_BUNDLE_IDENTIFIER = tavvfiq.recipinderUITests;
				PRODUCT_NAME = "$(TARGET_NAME)";
				SWIFT_VERSION = 5.0;
				TARGETED_DEVICE_FAMILY = "1,2";
				TEST_TARGET_NAME = recipinder;
			};
			name = Release;
		};
/* End XCBuildConfiguration section */

/* Begin XCConfigurationList section */
		A60D6F8825F318A200D5E627 /* Build configuration list for PBXProject "recipinder" */ = {
			isa = XCConfigurationList;
			buildConfigurations = (
				A60D6FB025F318A500D5E627 /* Debug */,
				A60D6FB125F318A500D5E627 /* Release */,
			);
			defaultConfigurationIsVisible = 0;
			defaultConfigurationName = Release;
		};
		A60D6FB225F318A500D5E627 /* Build configuration list for PBXNativeTarget "recipinder" */ = {
			isa = XCConfigurationList;
			buildConfigurations = (
				A60D6FB325F318A500D5E627 /* Debug */,
				A60D6FB425F318A500D5E627 /* Release */,
			);
			defaultConfigurationIsVisible = 0;
			defaultConfigurationName = Release;
		};
		A60D6FB525F318A500D5E627 /* Build configuration list for PBXNativeTarget "recipinderTests" */ = {
			isa = XCConfigurationList;
			buildConfigurations = (
				A60D6FB625F318A500D5E627 /* Debug */,
				A60D6FB725F318A500D5E627 /* Release */,
			);
			defaultConfigurationIsVisible = 0;
			defaultConfigurationName = Release;
		};
		A60D6FB825F318A500D5E627 /* Build configuration list for PBXNativeTarget "recipinderUITests" */ = {
			isa = XCConfigurationList;
			buildConfigurations = (
				A60D6FB925F318A500D5E627 /* Debug */,
				A60D6FBA25F318A500D5E627 /* Release */,
			);
			defaultConfigurationIsVisible = 0;
			defaultConfigurationName = Release;
		};
/* End XCConfigurationList section */
	};
	rootObject = A60D6F8525F318A200D5E627 /* Project object */;
}
